// !$*UTF8*$!
{
	archiveVersion = 1;
	classes = {
	};
	objectVersion = 46;
	objects = {

/* Begin PBXBuildFile section */
		A266D7CB1CE290AE003EB302 /* libStreamingKit.a in Frameworks */ = {isa = PBXBuildFile; fileRef = A266D7C21CE2907E003EB302 /* libStreamingKit.a */; };
		A2C73D481CB2E12700DED436 /* RNStreamingKitManager.h in Headers */ = {isa = PBXBuildFile; fileRef = A2C73D471CB2E12700DED436 /* RNStreamingKitManager.h */; };
		A2C73D4A1CB2E12700DED436 /* RNStreamingKitManager.m in Sources */ = {isa = PBXBuildFile; fileRef = A2C73D491CB2E12700DED436 /* RNStreamingKitManager.m */; };
/* End PBXBuildFile section */

/* Begin PBXContainerItemProxy section */
		A266D7C11CE2907E003EB302 /* PBXContainerItemProxy */ = {
			isa = PBXContainerItemProxy;
			containerPortal = A266D7B91CE2907E003EB302 /* StreamingKit.xcodeproj */;
			proxyType = 2;
			remoteGlobalIDString = A1E7C4C8188D57F50010896F;
			remoteInfo = StreamingKit;
		};
		A266D7C31CE2907E003EB302 /* PBXContainerItemProxy */ = {
			isa = PBXContainerItemProxy;
			containerPortal = A266D7B91CE2907E003EB302 /* StreamingKit.xcodeproj */;
			proxyType = 2;
			remoteGlobalIDString = A1E7C4D8188D57F60010896F;
			remoteInfo = StreamingKitTests;
		};
		A266D7C51CE2907E003EB302 /* PBXContainerItemProxy */ = {
			isa = PBXContainerItemProxy;
			containerPortal = A266D7B91CE2907E003EB302 /* StreamingKit.xcodeproj */;
			proxyType = 2;
			remoteGlobalIDString = A1A49969189E744400E2A2E2;
			remoteInfo = StreamingKitMac;
		};
		A266D7C71CE2907E003EB302 /* PBXContainerItemProxy */ = {
			isa = PBXContainerItemProxy;
			containerPortal = A266D7B91CE2907E003EB302 /* StreamingKit.xcodeproj */;
			proxyType = 2;
			remoteGlobalIDString = A1A4997A189E744500E2A2E2;
			remoteInfo = StreamingKitMacTests;
		};
/* End PBXContainerItemProxy section */

/* Begin PBXFileReference section */
		A266D7B91CE2907E003EB302 /* StreamingKit.xcodeproj */ = {isa = PBXFileReference; lastKnownFileType = "wrapper.pb-project"; name = StreamingKit.xcodeproj; path = StreamingKit/StreamingKit/StreamingKit.xcodeproj; sourceTree = "<group>"; };
		A2C73D441CB2E12700DED436 /* libRNStreamingKit.a */ = {isa = PBXFileReference; explicitFileType = archive.ar; includeInIndex = 0; path = libRNStreamingKit.a; sourceTree = BUILT_PRODUCTS_DIR; };
		A2C73D471CB2E12700DED436 /* RNStreamingKitManager.h */ = {isa = PBXFileReference; lastKnownFileType = sourcecode.c.h; name = RNStreamingKitManager.h; path = ../RNStreamingKit/RNStreamingKitManager.h; sourceTree = "<group>"; };
		A2C73D491CB2E12700DED436 /* RNStreamingKitManager.m */ = {isa = PBXFileReference; lastKnownFileType = sourcecode.c.objc; name = RNStreamingKitManager.m; path = ../RNStreamingKit/RNStreamingKitManager.m; sourceTree = "<group>"; };
		A2D617E41CB5ABCF005A39A2 /* libStreamingKit.a */ = {isa = PBXFileReference; lastKnownFileType = archive.ar; name = libStreamingKit.a; path = "Pods/../build/Debug-iphoneos/libStreamingKit.a"; sourceTree = "<group>"; };
/* End PBXFileReference section */

/* Begin PBXFrameworksBuildPhase section */
		A2C73D411CB2E12700DED436 /* Frameworks */ = {
			isa = PBXFrameworksBuildPhase;
			buildActionMask = 2147483647;
			files = (
				A266D7CB1CE290AE003EB302 /* libStreamingKit.a in Frameworks */,
			);
			runOnlyForDeploymentPostprocessing = 0;
		};
/* End PBXFrameworksBuildPhase section */

/* Begin PBXGroup section */
		58CF65487BC3194B31AE1AFF /* Frameworks */ = {
			isa = PBXGroup;
			children = (
				A2D617E41CB5ABCF005A39A2 /* libStreamingKit.a */,
			);
			name = Frameworks;
			sourceTree = "<group>";
		};
		A266D7BA1CE2907E003EB302 /* Products */ = {
			isa = PBXGroup;
			children = (
				A266D7C21CE2907E003EB302 /* libStreamingKit.a */,
				A266D7C41CE2907E003EB302 /* StreamingKitTests.xctest */,
				A266D7C61CE2907E003EB302 /* libStreamingKitMac.a */,
				A266D7C81CE2907E003EB302 /* StreamingKitMacTests.xctest */,
			);
			name = Products;
			sourceTree = "<group>";
		};
		A266D7C91CE29096003EB302 /* Libraries */ = {
			isa = PBXGroup;
			children = (
				A266D7B91CE2907E003EB302 /* StreamingKit.xcodeproj */,
			);
			name = Libraries;
			sourceTree = "<group>";
		};
		A2C73D3B1CB2E12700DED436 = {
			isa = PBXGroup;
			children = (
				A266D7C91CE29096003EB302 /* Libraries */,
				A2C73D461CB2E12700DED436 /* RNStreamingKit */,
				A2C73D451CB2E12700DED436 /* Products */,
				58CF65487BC3194B31AE1AFF /* Frameworks */,
			);
			sourceTree = "<group>";
		};
		A2C73D451CB2E12700DED436 /* Products */ = {
			isa = PBXGroup;
			children = (
				A2C73D441CB2E12700DED436 /* libRNStreamingKit.a */,
			);
			name = Products;
			sourceTree = "<group>";
		};
		A2C73D461CB2E12700DED436 /* RNStreamingKit */ = {
			isa = PBXGroup;
			children = (
				A2C73D471CB2E12700DED436 /* RNStreamingKitManager.h */,
				A2C73D491CB2E12700DED436 /* RNStreamingKitManager.m */,
			);
			path = RNStreamingKit;
			sourceTree = "<group>";
		};
/* End PBXGroup section */

/* Begin PBXHeadersBuildPhase section */
		A2C73D421CB2E12700DED436 /* Headers */ = {
			isa = PBXHeadersBuildPhase;
			buildActionMask = 2147483647;
			files = (
				A2C73D481CB2E12700DED436 /* RNStreamingKitManager.h in Headers */,
			);
			runOnlyForDeploymentPostprocessing = 0;
		};
/* End PBXHeadersBuildPhase section */

/* Begin PBXNativeTarget section */
		A2C73D431CB2E12700DED436 /* RNStreamingKit */ = {
			isa = PBXNativeTarget;
			buildConfigurationList = A2C73D4D1CB2E12700DED436 /* Build configuration list for PBXNativeTarget "RNStreamingKit" */;
			buildPhases = (
				A2C73D401CB2E12700DED436 /* Sources */,
				A2C73D411CB2E12700DED436 /* Frameworks */,
				A2C73D421CB2E12700DED436 /* Headers */,
			);
			buildRules = (
			);
			dependencies = (
			);
			name = RNStreamingKit;
			productName = RNMPRemoteCommandCenter;
			productReference = A2C73D441CB2E12700DED436 /* libRNStreamingKit.a */;
			productType = "com.apple.product-type.library.static";
		};
/* End PBXNativeTarget section */

/* Begin PBXProject section */
		A2C73D3C1CB2E12700DED436 /* Project object */ = {
			isa = PBXProject;
			attributes = {
				LastUpgradeCheck = 0730;
				ORGANIZATIONNAME = "Clever Lever";
				TargetAttributes = {
					A2C73D431CB2E12700DED436 = {
						CreatedOnToolsVersion = 7.3;
					};
				};
			};
			buildConfigurationList = A2C73D3F1CB2E12700DED436 /* Build configuration list for PBXProject "RNStreamingKit" */;
			compatibilityVersion = "Xcode 3.2";
			developmentRegion = English;
			hasScannedForEncodings = 0;
			knownRegions = (
				en,
			);
			mainGroup = A2C73D3B1CB2E12700DED436;
			productRefGroup = A2C73D451CB2E12700DED436 /* Products */;
			projectDirPath = "";
			projectReferences = (
				{
					ProductGroup = A266D7BA1CE2907E003EB302 /* Products */;
					ProjectRef = A266D7B91CE2907E003EB302 /* StreamingKit.xcodeproj */;
				},
			);
			projectRoot = "";
			targets = (
				A2C73D431CB2E12700DED436 /* RNStreamingKit */,
			);
		};
/* End PBXProject section */

/* Begin PBXReferenceProxy section */
		A266D7C21CE2907E003EB302 /* libStreamingKit.a */ = {
			isa = PBXReferenceProxy;
			fileType = archive.ar;
			path = libStreamingKit.a;
			remoteRef = A266D7C11CE2907E003EB302 /* PBXContainerItemProxy */;
			sourceTree = BUILT_PRODUCTS_DIR;
		};
		A266D7C41CE2907E003EB302 /* StreamingKitTests.xctest */ = {
			isa = PBXReferenceProxy;
			fileType = wrapper.cfbundle;
			path = StreamingKitTests.xctest;
			remoteRef = A266D7C31CE2907E003EB302 /* PBXContainerItemProxy */;
			sourceTree = BUILT_PRODUCTS_DIR;
		};
		A266D7C61CE2907E003EB302 /* libStreamingKitMac.a */ = {
			isa = PBXReferenceProxy;
			fileType = archive.ar;
			path = libStreamingKitMac.a;
			remoteRef = A266D7C51CE2907E003EB302 /* PBXContainerItemProxy */;
			sourceTree = BUILT_PRODUCTS_DIR;
		};
		A266D7C81CE2907E003EB302 /* StreamingKitMacTests.xctest */ = {
			isa = PBXReferenceProxy;
			fileType = wrapper.cfbundle;
			path = StreamingKitMacTests.xctest;
			remoteRef = A266D7C71CE2907E003EB302 /* PBXContainerItemProxy */;
			sourceTree = BUILT_PRODUCTS_DIR;
		};
/* End PBXReferenceProxy section */

/* Begin PBXSourcesBuildPhase section */
		A2C73D401CB2E12700DED436 /* Sources */ = {
			isa = PBXSourcesBuildPhase;
			buildActionMask = 2147483647;
			files = (
				A2C73D4A1CB2E12700DED436 /* RNStreamingKitManager.m in Sources */,
			);
			runOnlyForDeploymentPostprocessing = 0;
		};
/* End PBXSourcesBuildPhase section */

/* Begin XCBuildConfiguration section */
		A2C73D4B1CB2E12700DED436 /* Debug */ = {
			isa = XCBuildConfiguration;
			buildSettings = {
				ALWAYS_SEARCH_USER_PATHS = NO;
				CLANG_ANALYZER_NONNULL = YES;
				CLANG_CXX_LANGUAGE_STANDARD = "gnu++0x";
				CLANG_CXX_LIBRARY = "libc++";
				CLANG_ENABLE_MODULES = YES;
				CLANG_ENABLE_OBJC_ARC = YES;
				CLANG_WARN_BOOL_CONVERSION = YES;
				CLANG_WARN_CONSTANT_CONVERSION = YES;
				CLANG_WARN_DIRECT_OBJC_ISA_USAGE = YES_ERROR;
				CLANG_WARN_EMPTY_BODY = YES;
				CLANG_WARN_ENUM_CONVERSION = YES;
				CLANG_WARN_INT_CONVERSION = YES;
				CLANG_WARN_OBJC_ROOT_CLASS = YES_ERROR;
				CLANG_WARN_UNREACHABLE_CODE = YES;
				CLANG_WARN__DUPLICATE_METHOD_MATCH = YES;
				COPY_PHASE_STRIP = NO;
				ENABLE_STRICT_OBJC_MSGSEND = YES;
				ENABLE_TESTABILITY = YES;
				GCC_C_LANGUAGE_STANDARD = gnu99;
				GCC_DYNAMIC_NO_PIC = NO;
				GCC_OPTIMIZATION_LEVEL = 0;
				GCC_PREPROCESSOR_DEFINITIONS = (
					"DEBUG=1",
					"$(inherited)",
				);
				GCC_WARN_64_TO_32_BIT_CONVERSION = YES;
				GCC_WARN_ABOUT_RETURN_TYPE = YES_ERROR;
				GCC_WARN_UNDECLARED_SELECTOR = YES;
				GCC_WARN_UNINITIALIZED_AUTOS = YES_AGGRESSIVE;
				GCC_WARN_UNUSED_FUNCTION = YES;
				GCC_WARN_UNUSED_VARIABLE = YES;
				IPHONEOS_DEPLOYMENT_TARGET = 7.1;
				MTL_ENABLE_DEBUG_INFO = YES;
				ONLY_ACTIVE_ARCH = YES;
				SDKROOT = iphoneos;
			};
			name = Debug;
		};
		A2C73D4C1CB2E12700DED436 /* Release */ = {
			isa = XCBuildConfiguration;
			buildSettings = {
				ALWAYS_SEARCH_USER_PATHS = NO;
				CLANG_ANALYZER_NONNULL = YES;
				CLANG_CXX_LANGUAGE_STANDARD = "gnu++0x";
				CLANG_CXX_LIBRARY = "libc++";
				CLANG_ENABLE_MODULES = YES;
				CLANG_ENABLE_OBJC_ARC = YES;
				CLANG_WARN_BOOL_CONVERSION = YES;
				CLANG_WARN_CONSTANT_CONVERSION = YES;
				CLANG_WARN_DIRECT_OBJC_ISA_USAGE = YES_ERROR;
				CLANG_WARN_EMPTY_BODY = YES;
				CLANG_WARN_ENUM_CONVERSION = YES;
				CLANG_WARN_INT_CONVERSION = YES;
				CLANG_WARN_OBJC_ROOT_CLASS = YES_ERROR;
				CLANG_WARN_UNREACHABLE_CODE = YES;
				CLANG_WARN__DUPLICATE_METHOD_MATCH = YES;
				COPY_PHASE_STRIP = YES;
				ENABLE_NS_ASSERTIONS = NO;
				ENABLE_STRICT_OBJC_MSGSEND = YES;
				ENABLE_TESTABILITY = YES;
				GCC_C_LANGUAGE_STANDARD = gnu99;
				GCC_WARN_64_TO_32_BIT_CONVERSION = YES;
				GCC_WARN_ABOUT_RETURN_TYPE = YES_ERROR;
				GCC_WARN_UNDECLARED_SELECTOR = YES;
				GCC_WARN_UNINITIALIZED_AUTOS = YES_AGGRESSIVE;
				GCC_WARN_UNUSED_FUNCTION = YES;
				GCC_WARN_UNUSED_VARIABLE = YES;
				IPHONEOS_DEPLOYMENT_TARGET = 7.1;
				MTL_ENABLE_DEBUG_INFO = NO;
				SDKROOT = iphoneos;
				VALIDATE_PRODUCT = YES;
			};
			name = Release;
		};
		A2C73D4E1CB2E12700DED436 /* Debug */ = {
			isa = XCBuildConfiguration;
			buildSettings = {
				EXECUTABLE_PREFIX = lib;
				HEADER_SEARCH_PATHS = (
					"$(inherited)",
					"$(SRCROOT)/../../React/**",
					"$(SRCROOT)/../react-native/React/**",
					"$(SRCROOT)/StreamingKit/StreamingKit/StreamingKit/**",
				);
				LIBRARY_SEARCH_PATHS = (
					"$(inherited)",
					"$(PROJECT_DIR)/build/Debug-iphoneos",
				);
				OTHER_LDFLAGS = "-ObjC";
				PRODUCT_NAME = "$(TARGET_NAME)";
				SKIP_INSTALL = YES;
			};
			name = Debug;
		};
		A2C73D4F1CB2E12700DED436 /* Release */ = {
			isa = XCBuildConfiguration;
			buildSettings = {
				EXECUTABLE_PREFIX = lib;
				HEADER_SEARCH_PATHS = (
					"$(inherited)",
					"$(SRCROOT)/../../React/**",
					"$(SRCROOT)/../react-native/React/**",
					"$(SRCROOT)/StreamingKit/StreamingKit/StreamingKit/**",
				);
				LIBRARY_SEARCH_PATHS = (
					"$(inherited)",
					"$(PROJECT_DIR)/build/Debug-iphoneos",
				);
				OTHER_LDFLAGS = "-ObjC";
				PRODUCT_NAME = "$(TARGET_NAME)";
				SKIP_INSTALL = YES;
			};
			name = Release;
		};
/* End XCBuildConfiguration section */

/* Begin XCConfigurationList section */
		A2C73D3F1CB2E12700DED436 /* Build configuration list for PBXProject "RNStreamingKit" */ = {
			isa = XCConfigurationList;
			buildConfigurations = (
				A2C73D4B1CB2E12700DED436 /* Debug */,
				A2C73D4C1CB2E12700DED436 /* Release */,
			);
			defaultConfigurationIsVisible = 0;
			defaultConfigurationName = Release;
		};
		A2C73D4D1CB2E12700DED436 /* Build configuration list for PBXNativeTarget "RNStreamingKit" */ = {
			isa = XCConfigurationList;
			buildConfigurations = (
				A2C73D4E1CB2E12700DED436 /* Debug */,
				A2C73D4F1CB2E12700DED436 /* Release */,
			);
			defaultConfigurationIsVisible = 0;
			defaultConfigurationName = Release;
		};
/* End XCConfigurationList section */
	};
	rootObject = A2C73D3C1CB2E12700DED436 /* Project object */;
}
